// !$*UTF8*$!
{
	archiveVersion = 1;
	classes = {
	};
	objectVersion = 51;
	objects = {

/* Begin PBXBuildFile section */
		2D12D96924AC9455007CDB76 /* CreateStaffViewController.swift in Sources */ = {isa = PBXBuildFile; fileRef = 2D12D96824AC9455007CDB76 /* CreateStaffViewController.swift */; };
		2D12D96B24ACCA6E007CDB76 /* ScanQRViewController.swift in Sources */ = {isa = PBXBuildFile; fileRef = 2D12D96A24ACCA6E007CDB76 /* ScanQRViewController.swift */; };
		2D56614A2499E49C00CD683A /* AppDelegate.swift in Sources */ = {isa = PBXBuildFile; fileRef = 2D5661492499E49C00CD683A /* AppDelegate.swift */; };
		2D56614C2499E49C00CD683A /* SceneDelegate.swift in Sources */ = {isa = PBXBuildFile; fileRef = 2D56614B2499E49C00CD683A /* SceneDelegate.swift */; };
		2D5661512499E49C00CD683A /* Main.storyboard in Resources */ = {isa = PBXBuildFile; fileRef = 2D56614F2499E49C00CD683A /* Main.storyboard */; };
		2D5661532499E49F00CD683A /* Assets.xcassets in Resources */ = {isa = PBXBuildFile; fileRef = 2D5661522499E49F00CD683A /* Assets.xcassets */; };
		2D5661562499E49F00CD683A /* LaunchScreen.storyboard in Resources */ = {isa = PBXBuildFile; fileRef = 2D5661542499E49F00CD683A /* LaunchScreen.storyboard */; };
		2D9A0A0524A22C0100AF939F /* GoogleService-Info.plist in Resources */ = {isa = PBXBuildFile; fileRef = 2D9A0A0424A22C0100AF939F /* GoogleService-Info.plist */; };
		2D9A0A0724A22DFB00AF939F /* LoginViewController.swift in Sources */ = {isa = PBXBuildFile; fileRef = 2D9A0A0624A22DFB00AF939F /* LoginViewController.swift */; };
		2D9A0A0924A2347500AF939F /* Utilities.swift in Sources */ = {isa = PBXBuildFile; fileRef = 2D9A0A0824A2347500AF939F /* Utilities.swift */; };
		2D9A0A0B24A2348F00AF939F /* SignUpViewController.swift in Sources */ = {isa = PBXBuildFile; fileRef = 2D9A0A0A24A2348F00AF939F /* SignUpViewController.swift */; };
		2D9A0A0D24A23D5700AF939F /* ListUserTableViewController.swift in Sources */ = {isa = PBXBuildFile; fileRef = 2D9A0A0C24A23D5700AF939F /* ListUserTableViewController.swift */; };
		2D9A0A0F24A25E4500AF939F /* InformationViewController.swift in Sources */ = {isa = PBXBuildFile; fileRef = 2D9A0A0E24A25E4500AF939F /* InformationViewController.swift */; };
		FD5DC93804977AFD8F7E0299 /* Pods_MyBoss_Admin.framework in Frameworks */ = {isa = PBXBuildFile; fileRef = 2394F09BACAC26AA8A06B8F0 /* Pods_MyBoss_Admin.framework */; };
/* End PBXBuildFile section */

/* Begin PBXFileReference section */
		0494B1CEF5BD5FF0E2E1FD10 /* Pods-MyBoss-Admin.debug.xcconfig */ = {isa = PBXFileReference; includeInIndex = 1; lastKnownFileType = text.xcconfig; name = "Pods-MyBoss-Admin.debug.xcconfig"; path = "Target Support Files/Pods-MyBoss-Admin/Pods-MyBoss-Admin.debug.xcconfig"; sourceTree = "<group>"; };
		2394F09BACAC26AA8A06B8F0 /* Pods_MyBoss_Admin.framework */ = {isa = PBXFileReference; explicitFileType = wrapper.framework; includeInIndex = 0; path = Pods_MyBoss_Admin.framework; sourceTree = BUILT_PRODUCTS_DIR; };
		2D12D96824AC9455007CDB76 /* CreateStaffViewController.swift */ = {isa = PBXFileReference; lastKnownFileType = sourcecode.swift; path = CreateStaffViewController.swift; sourceTree = "<group>"; };
		2D12D96A24ACCA6E007CDB76 /* ScanQRViewController.swift */ = {isa = PBXFileReference; lastKnownFileType = sourcecode.swift; path = ScanQRViewController.swift; sourceTree = "<group>"; };
		2D411CC124B2F934007E1003 /* MyBoss-Admin.entitlements */ = {isa = PBXFileReference; lastKnownFileType = text.plist.entitlements; path = "MyBoss-Admin.entitlements"; sourceTree = "<group>"; };
		2D5661462499E49C00CD683A /* MyBoss-Admin.app */ = {isa = PBXFileReference; explicitFileType = wrapper.application; includeInIndex = 0; path = "MyBoss-Admin.app"; sourceTree = BUILT_PRODUCTS_DIR; };
		2D5661492499E49C00CD683A /* AppDelegate.swift */ = {isa = PBXFileReference; lastKnownFileType = sourcecode.swift; path = AppDelegate.swift; sourceTree = "<group>"; };
		2D56614B2499E49C00CD683A /* SceneDelegate.swift */ = {isa = PBXFileReference; lastKnownFileType = sourcecode.swift; path = SceneDelegate.swift; sourceTree = "<group>"; };
		2D5661502499E49C00CD683A /* Base */ = {isa = PBXFileReference; lastKnownFileType = file.storyboard; name = Base; path = Base.lproj/Main.storyboard; sourceTree = "<group>"; };
		2D5661522499E49F00CD683A /* Assets.xcassets */ = {isa = PBXFileReference; lastKnownFileType = folder.assetcatalog; path = Assets.xcassets; sourceTree = "<group>"; };
		2D5661552499E49F00CD683A /* Base */ = {isa = PBXFileReference; lastKnownFileType = file.storyboard; name = Base; path = Base.lproj/LaunchScreen.storyboard; sourceTree = "<group>"; };
		2D5661572499E49F00CD683A /* Info.plist */ = {isa = PBXFileReference; lastKnownFileType = text.plist.xml; path = Info.plist; sourceTree = "<group>"; };
		2D9A0A0424A22C0100AF939F /* GoogleService-Info.plist */ = {isa = PBXFileReference; fileEncoding = 4; lastKnownFileType = text.plist.xml; path = "GoogleService-Info.plist"; sourceTree = "<group>"; };
		2D9A0A0624A22DFB00AF939F /* LoginViewController.swift */ = {isa = PBXFileReference; lastKnownFileType = sourcecode.swift; path = LoginViewController.swift; sourceTree = "<group>"; };
		2D9A0A0824A2347500AF939F /* Utilities.swift */ = {isa = PBXFileReference; fileEncoding = 4; lastKnownFileType = sourcecode.swift; name = Utilities.swift; path = ../../../Deadline/ios/1712061_QLyCLB/1712061_QLCLB/ClubManager/ClubManager/Utilities.swift; sourceTree = "<group>"; };
		2D9A0A0A24A2348F00AF939F /* SignUpViewController.swift */ = {isa = PBXFileReference; lastKnownFileType = sourcecode.swift; path = SignUpViewController.swift; sourceTree = "<group>"; };
		2D9A0A0C24A23D5700AF939F /* ListUserTableViewController.swift */ = {isa = PBXFileReference; lastKnownFileType = sourcecode.swift; path = ListUserTableViewController.swift; sourceTree = "<group>"; };
		2D9A0A0E24A25E4500AF939F /* InformationViewController.swift */ = {isa = PBXFileReference; lastKnownFileType = sourcecode.swift; path = InformationViewController.swift; sourceTree = "<group>"; };
		60B9223DFA753F73F5AB44A1 /* Pods-MyBoss-Admin.release.xcconfig */ = {isa = PBXFileReference; includeInIndex = 1; lastKnownFileType = text.xcconfig; name = "Pods-MyBoss-Admin.release.xcconfig"; path = "Target Support Files/Pods-MyBoss-Admin/Pods-MyBoss-Admin.release.xcconfig"; sourceTree = "<group>"; };
/* End PBXFileReference section */

/* Begin PBXFrameworksBuildPhase section */
		2D5661432499E49C00CD683A /* Frameworks */ = {
			isa = PBXFrameworksBuildPhase;
			buildActionMask = 2147483647;
			files = (
				FD5DC93804977AFD8F7E0299 /* Pods_MyBoss_Admin.framework in Frameworks */,
			);
			runOnlyForDeploymentPostprocessing = 0;
		};
/* End PBXFrameworksBuildPhase section */

/* Begin PBXGroup section */
		2D56613D2499E49C00CD683A = {
			isa = PBXGroup;
			children = (
				2D5661482499E49C00CD683A /* MyBoss-Admin */,
				2D5661472499E49C00CD683A /* Products */,
				8B117FAF79A456399287688E /* Pods */,
				64610205936292DE8E2F6FAE /* Frameworks */,
			);
			sourceTree = "<group>";
		};
		2D5661472499E49C00CD683A /* Products */ = {
			isa = PBXGroup;
			children = (
				2D5661462499E49C00CD683A /* MyBoss-Admin.app */,
			);
			name = Products;
			sourceTree = "<group>";
		};
		2D5661482499E49C00CD683A /* MyBoss-Admin */ = {
			isa = PBXGroup;
			children = (
				2D411CC124B2F934007E1003 /* MyBoss-Admin.entitlements */,
				2D9A0A0424A22C0100AF939F /* GoogleService-Info.plist */,
				2D5661492499E49C00CD683A /* AppDelegate.swift */,
				2D56614B2499E49C00CD683A /* SceneDelegate.swift */,
				2D56614F2499E49C00CD683A /* Main.storyboard */,
				2D12D96824AC9455007CDB76 /* CreateStaffViewController.swift */,
				2D9A0A0E24A25E4500AF939F /* InformationViewController.swift */,
				2D9A0A0C24A23D5700AF939F /* ListUserTableViewController.swift */,
				2D12D96A24ACCA6E007CDB76 /* ScanQRViewController.swift */,
				2D9A0A0824A2347500AF939F /* Utilities.swift */,
				2D5661522499E49F00CD683A /* Assets.xcassets */,
				2D5661542499E49F00CD683A /* LaunchScreen.storyboard */,
				2D9A0A0A24A2348F00AF939F /* SignUpViewController.swift */,
				2D5661572499E49F00CD683A /* Info.plist */,
				2D9A0A0624A22DFB00AF939F /* LoginViewController.swift */,
			);
			path = "MyBoss-Admin";
			sourceTree = "<group>";
		};
		64610205936292DE8E2F6FAE /* Frameworks */ = {
			isa = PBXGroup;
			children = (
				2394F09BACAC26AA8A06B8F0 /* Pods_MyBoss_Admin.framework */,
			);
			name = Frameworks;
			sourceTree = "<group>";
		};
		8B117FAF79A456399287688E /* Pods */ = {
			isa = PBXGroup;
			children = (
				0494B1CEF5BD5FF0E2E1FD10 /* Pods-MyBoss-Admin.debug.xcconfig */,
				60B9223DFA753F73F5AB44A1 /* Pods-MyBoss-Admin.release.xcconfig */,
			);
			path = Pods;
			sourceTree = "<group>";
		};
/* End PBXGroup section */

/* Begin PBXNativeTarget section */
		2D5661452499E49C00CD683A /* MyBoss-Admin */ = {
			isa = PBXNativeTarget;
			buildConfigurationList = 2D56615A2499E49F00CD683A /* Build configuration list for PBXNativeTarget "MyBoss-Admin" */;
			buildPhases = (
				6A77DF92103230142B11404A /* [CP] Check Pods Manifest.lock */,
				2D5661422499E49C00CD683A /* Sources */,
				2D5661432499E49C00CD683A /* Frameworks */,
				2D5661442499E49C00CD683A /* Resources */,
				421AAD6F97E937AE04674B88 /* [CP] Embed Pods Frameworks */,
			);
			buildRules = (
			);
			dependencies = (
			);
			name = "MyBoss-Admin";
			productName = "MyBoss-Admin";
			productReference = 2D5661462499E49C00CD683A /* MyBoss-Admin.app */;
			productType = "com.apple.product-type.application";
		};
/* End PBXNativeTarget section */

/* Begin PBXProject section */
		2D56613E2499E49C00CD683A /* Project object */ = {
			isa = PBXProject;
			attributes = {
				LastSwiftUpdateCheck = 1150;
				LastUpgradeCheck = 1150;
				ORGANIZATIONNAME = "Huong Lam";
				TargetAttributes = {
					2D5661452499E49C00CD683A = {
						CreatedOnToolsVersion = 11.5;
					};
				};
			};
			buildConfigurationList = 2D5661412499E49C00CD683A /* Build configuration list for PBXProject "MyBoss-Admin" */;
			compatibilityVersion = "Xcode 9.3";
			developmentRegion = en;
			hasScannedForEncodings = 0;
			knownRegions = (
				en,
				Base,
			);
			mainGroup = 2D56613D2499E49C00CD683A;
			productRefGroup = 2D5661472499E49C00CD683A /* Products */;
			projectDirPath = "";
			projectRoot = "";
			targets = (
				2D5661452499E49C00CD683A /* MyBoss-Admin */,
			);
		};
/* End PBXProject section */

/* Begin PBXResourcesBuildPhase section */
		2D5661442499E49C00CD683A /* Resources */ = {
			isa = PBXResourcesBuildPhase;
			buildActionMask = 2147483647;
			files = (
				2D5661562499E49F00CD683A /* LaunchScreen.storyboard in Resources */,
				2D9A0A0524A22C0100AF939F /* GoogleService-Info.plist in Resources */,
				2D5661532499E49F00CD683A /* Assets.xcassets in Resources */,
				2D5661512499E49C00CD683A /* Main.storyboard in Resources */,
			);
			runOnlyForDeploymentPostprocessing = 0;
		};
/* End PBXResourcesBuildPhase section */

/* Begin PBXShellScriptBuildPhase section */
		421AAD6F97E937AE04674B88 /* [CP] Embed Pods Frameworks */ = {
			isa = PBXShellScriptBuildPhase;
			buildActionMask = 2147483647;
			files = (
			);
			inputFileListPaths = (
				"${PODS_ROOT}/Target Support Files/Pods-MyBoss-Admin/Pods-MyBoss-Admin-frameworks-${CONFIGURATION}-input-files.xcfilelist",
			);
			name = "[CP] Embed Pods Frameworks";
			outputFileListPaths = (
				"${PODS_ROOT}/Target Support Files/Pods-MyBoss-Admin/Pods-MyBoss-Admin-frameworks-${CONFIGURATION}-output-files.xcfilelist",
			);
			runOnlyForDeploymentPostprocessing = 0;
			shellPath = /bin/sh;
			shellScript = "\"${PODS_ROOT}/Target Support Files/Pods-MyBoss-Admin/Pods-MyBoss-Admin-frameworks.sh\"\n";
			showEnvVarsInLog = 0;
		};
		6A77DF92103230142B11404A /* [CP] Check Pods Manifest.lock */ = {
			isa = PBXShellScriptBuildPhase;
			buildActionMask = 2147483647;
			files = (
			);
			inputFileListPaths = (
			);
			inputPaths = (
				"${PODS_PODFILE_DIR_PATH}/Podfile.lock",
				"${PODS_ROOT}/Manifest.lock",
			);
			name = "[CP] Check Pods Manifest.lock";
			outputFileListPaths = (
			);
			outputPaths = (
				"$(DERIVED_FILE_DIR)/Pods-MyBoss-Admin-checkManifestLockResult.txt",
			);
			runOnlyForDeploymentPostprocessing = 0;
			shellPath = /bin/sh;
			shellScript = "diff \"${PODS_PODFILE_DIR_PATH}/Podfile.lock\" \"${PODS_ROOT}/Manifest.lock\" > /dev/null\nif [ $? != 0 ] ; then\n    # print error to STDERR\n    echo \"error: The sandbox is not in sync with the Podfile.lock. Run 'pod install' or update your CocoaPods installation.\" >&2\n    exit 1\nfi\n# This output is used by Xcode 'outputs' to avoid re-running this script phase.\necho \"SUCCESS\" > \"${SCRIPT_OUTPUT_FILE_0}\"\n";
			showEnvVarsInLog = 0;
		};
/* End PBXShellScriptBuildPhase section */

/* Begin PBXSourcesBuildPhase section */
		2D5661422499E49C00CD683A /* Sources */ = {
			isa = PBXSourcesBuildPhase;
			buildActionMask = 2147483647;
			files = (
				2D9A0A0724A22DFB00AF939F /* LoginViewController.swift in Sources */,
				2D12D96924AC9455007CDB76 /* CreateStaffViewController.swift in Sources */,
				2D12D96B24ACCA6E007CDB76 /* ScanQRViewController.swift in Sources */,
				2D56614A2499E49C00CD683A /* AppDelegate.swift in Sources */,
				2D9A0A0F24A25E4500AF939F /* InformationViewController.swift in Sources */,
				2D9A0A0924A2347500AF939F /* Utilities.swift in Sources */,
				2D56614C2499E49C00CD683A /* SceneDelegate.swift in Sources */,
				2D9A0A0D24A23D5700AF939F /* ListUserTableViewController.swift in Sources */,
				2D9A0A0B24A2348F00AF939F /* SignUpViewController.swift in Sources */,
			);
			runOnlyForDeploymentPostprocessing = 0;
		};
/* End PBXSourcesBuildPhase section */

/* Begin PBXVariantGroup section */
		2D56614F2499E49C00CD683A /* Main.storyboard */ = {
			isa = PBXVariantGroup;
			children = (
				2D5661502499E49C00CD683A /* Base */,
			);
			name = Main.storyboard;
			sourceTree = "<group>";
		};
		2D5661542499E49F00CD683A /* LaunchScreen.storyboard */ = {
			isa = PBXVariantGroup;
			children = (
				2D5661552499E49F00CD683A /* Base */,
			);
			name = LaunchScreen.storyboard;
			sourceTree = "<group>";
		};
/* End PBXVariantGroup section */

/* Begin XCBuildConfiguration section */
		2D5661582499E49F00CD683A /* Debug */ = {
			isa = XCBuildConfiguration;
			buildSettings = {
				ALWAYS_SEARCH_USER_PATHS = NO;
				CLANG_ANALYZER_NONNULL = YES;
				CLANG_ANALYZER_NUMBER_OBJECT_CONVERSION = YES_AGGRESSIVE;
				CLANG_CXX_LANGUAGE_STANDARD = "gnu++14";
				CLANG_CXX_LIBRARY = "libc++";
				CLANG_ENABLE_MODULES = YES;
				CLANG_ENABLE_OBJC_ARC = YES;
				CLANG_ENABLE_OBJC_WEAK = YES;
				CLANG_WARN_BLOCK_CAPTURE_AUTORELEASING = YES;
				CLANG_WARN_BOOL_CONVERSION = YES;
				CLANG_WARN_COMMA = YES;
				CLANG_WARN_CONSTANT_CONVERSION = YES;
				CLANG_WARN_DEPRECATED_OBJC_IMPLEMENTATIONS = YES;
				CLANG_WARN_DIRECT_OBJC_ISA_USAGE = YES_ERROR;
				CLANG_WARN_DOCUMENTATION_COMMENTS = YES;
				CLANG_WARN_EMPTY_BODY = YES;
				CLANG_WARN_ENUM_CONVERSION = YES;
				CLANG_WARN_INFINITE_RECURSION = YES;
				CLANG_WARN_INT_CONVERSION = YES;
				CLANG_WARN_NON_LITERAL_NULL_CONVERSION = YES;
				CLANG_WARN_OBJC_IMPLICIT_RETAIN_SELF = YES;
				CLANG_WARN_OBJC_LITERAL_CONVERSION = YES;
				CLANG_WARN_OBJC_ROOT_CLASS = YES_ERROR;
				CLANG_WARN_RANGE_LOOP_ANALYSIS = YES;
				CLANG_WARN_STRICT_PROTOTYPES = YES;
				CLANG_WARN_SUSPICIOUS_MOVE = YES;
				CLANG_WARN_UNGUARDED_AVAILABILITY = YES_AGGRESSIVE;
				CLANG_WARN_UNREACHABLE_CODE = YES;
				CLANG_WARN__DUPLICATE_METHOD_MATCH = YES;
				COPY_PHASE_STRIP = NO;
				DEBUG_INFORMATION_FORMAT = dwarf;
				ENABLE_STRICT_OBJC_MSGSEND = YES;
				ENABLE_TESTABILITY = YES;
				GCC_C_LANGUAGE_STANDARD = gnu11;
				GCC_DYNAMIC_NO_PIC = NO;
				GCC_NO_COMMON_BLOCKS = YES;
				GCC_OPTIMIZATION_LEVEL = 0;
				GCC_PREPROCESSOR_DEFINITIONS = (
					"DEBUG=1",
					"$(inherited)",
				);
				GCC_WARN_64_TO_32_BIT_CONVERSION = YES;
				GCC_WARN_ABOUT_RETURN_TYPE = YES_ERROR;
				GCC_WARN_UNDECLARED_SELECTOR = YES;
				GCC_WARN_UNINITIALIZED_AUTOS = YES_AGGRESSIVE;
				GCC_WARN_UNUSED_FUNCTION = YES;
				GCC_WARN_UNUSED_VARIABLE = YES;
				IPHONEOS_DEPLOYMENT_TARGET = 13.5;
				MTL_ENABLE_DEBUG_INFO = INCLUDE_SOURCE;
				MTL_FAST_MATH = YES;
				ONLY_ACTIVE_ARCH = YES;
				SDKROOT = iphoneos;
				SWIFT_ACTIVE_COMPILATION_CONDITIONS = DEBUG;
				SWIFT_OPTIMIZATION_LEVEL = "-Onone";
			};
			name = Debug;
		};
		2D5661592499E49F00CD683A /* Release */ = {
			isa = XCBuildConfiguration;
			buildSettings = {
				ALWAYS_SEARCH_USER_PATHS = NO;
				CLANG_ANALYZER_NONNULL = YES;
				CLANG_ANALYZER_NUMBER_OBJECT_CONVERSION = YES_AGGRESSIVE;
				CLANG_CXX_LANGUAGE_STANDARD = "gnu++14";
				CLANG_CXX_LIBRARY = "libc++";
				CLANG_ENABLE_MODULES = YES;
				CLANG_ENABLE_OBJC_ARC = YES;
				CLANG_ENABLE_OBJC_WEAK = YES;
				CLANG_WARN_BLOCK_CAPTURE_AUTORELEASING = YES;
				CLANG_WARN_BOOL_CONVERSION = YES;
				CLANG_WARN_COMMA = YES;
				CLANG_WARN_CONSTANT_CONVERSION = YES;
				CLANG_WARN_DEPRECATED_OBJC_IMPLEMENTATIONS = YES;
				CLANG_WARN_DIRECT_OBJC_ISA_USAGE = YES_ERROR;
				CLANG_WARN_DOCUMENTATION_COMMENTS = YES;
				CLANG_WARN_EMPTY_BODY = YES;
				CLANG_WARN_ENUM_CONVERSION = YES;
				CLANG_WARN_INFINITE_RECURSION = YES;
				CLANG_WARN_INT_CONVERSION = YES;
				CLANG_WARN_NON_LITERAL_NULL_CONVERSION = YES;
				CLANG_WARN_OBJC_IMPLICIT_RETAIN_SELF = YES;
				CLANG_WARN_OBJC_LITERAL_CONVERSION = YES;
				CLANG_WARN_OBJC_ROOT_CLASS = YES_ERROR;
				CLANG_WARN_RANGE_LOOP_ANALYSIS = YES;
				CLANG_WARN_STRICT_PROTOTYPES = YES;
				CLANG_WARN_SUSPICIOUS_MOVE = YES;
				CLANG_WARN_UNGUARDED_AVAILABILITY = YES_AGGRESSIVE;
				CLANG_WARN_UNREACHABLE_CODE = YES;
				CLANG_WARN__DUPLICATE_METHOD_MATCH = YES;
				COPY_PHASE_STRIP = NO;
				DEBUG_INFORMATION_FORMAT = "dwarf-with-dsym";
				ENABLE_NS_ASSERTIONS = NO;
				ENABLE_STRICT_OBJC_MSGSEND = YES;
				GCC_C_LANGUAGE_STANDARD = gnu11;
				GCC_NO_COMMON_BLOCKS = YES;
				GCC_WARN_64_TO_32_BIT_CONVERSION = YES;
				GCC_WARN_ABOUT_RETURN_TYPE = YES_ERROR;
				GCC_WARN_UNDECLARED_SELECTOR = YES;
				GCC_WARN_UNINITIALIZED_AUTOS = YES_AGGRESSIVE;
				GCC_WARN_UNUSED_FUNCTION = YES;
				GCC_WARN_UNUSED_VARIABLE = YES;
				IPHONEOS_DEPLOYMENT_TARGET = 13.5;
				MTL_ENABLE_DEBUG_INFO = NO;
				MTL_FAST_MATH = YES;
				SDKROOT = iphoneos;
				SWIFT_COMPILATION_MODE = wholemodule;
				SWIFT_OPTIMIZATION_LEVEL = "-O";
				VALIDATE_PRODUCT = YES;
			};
			name = Release;
		};
		2D56615B2499E49F00CD683A /* Debug */ = {
			isa = XCBuildConfiguration;
			baseConfigurationReference = 0494B1CEF5BD5FF0E2E1FD10 /* Pods-MyBoss-Admin.debug.xcconfig */;
			buildSettings = {
				ASSETCATALOG_COMPILER_APPICON_NAME = AppIcon;
				CODE_SIGN_ENTITLEMENTS = "MyBoss-Admin/MyBoss-Admin.entitlements";
				CODE_SIGN_STYLE = Automatic;
				DEVELOPMENT_TEAM = UD93T2GPM2;
				INFOPLIST_FILE = "MyBoss-Admin/Info.plist";
				LD_RUNPATH_SEARCH_PATHS = (
					"$(inherited)",
					"@executable_path/Frameworks",
				);
				PRODUCT_BUNDLE_IDENTIFIER = "sirimiri.MyBoss-Admin";
				PRODUCT_NAME = "$(TARGET_NAME)";
				SWIFT_VERSION = 5.0;
				TARGETED_DEVICE_FAMILY = "1,2";
			};
			name = Debug;
		};
		2D56615C2499E49F00CD683A /* Release */ = {
			isa = XCBuildConfiguration;
			baseConfigurationReference = 60B9223DFA753F73F5AB44A1 /* Pods-MyBoss-Admin.release.xcconfig */;
			buildSettings = {
				ASSETCATALOG_COMPILER_APPICON_NAME = AppIcon;
				CODE_SIGN_ENTITLEMENTS = "MyBoss-Admin/MyBoss-Admin.entitlements";
				CODE_SIGN_STYLE = Automatic;
				DEVELOPMENT_TEAM = UD93T2GPM2;
				INFOPLIST_FILE = "MyBoss-Admin/Info.plist";
				LD_RUNPATH_SEARCH_PATHS = (
					"$(inherited)",
					"@executable_path/Frameworks",
				);
				PRODUCT_BUNDLE_IDENTIFIER = "sirimiri.MyBoss-Admin";
				PRODUCT_NAME = "$(TARGET_NAME)";
				SWIFT_VERSION = 5.0;
				TARGETED_DEVICE_FAMILY = "1,2";
			};
			name = Release;
		};
/* End XCBuildConfiguration section */

/* Begin XCConfigurationList section */
		2D5661412499E49C00CD683A /* Build configuration list for PBXProject "MyBoss-Admin" */ = {
			isa = XCConfigurationList;
			buildConfigurations = (
				2D5661582499E49F00CD683A /* Debug */,
				2D5661592499E49F00CD683A /* Release */,
			);
			defaultConfigurationIsVisible = 0;
			defaultConfigurationName = Release;
		};
		2D56615A2499E49F00CD683A /* Build configuration list for PBXNativeTarget "MyBoss-Admin" */ = {
			isa = XCConfigurationList;
			buildConfigurations = (
				2D56615B2499E49F00CD683A /* Debug */,
				2D56615C2499E49F00CD683A /* Release */,
			);
			defaultConfigurationIsVisible = 0;
			defaultConfigurationName = Release;
		};
/* End XCConfigurationList section */
	};
	rootObject = 2D56613E2499E49C00CD683A /* Project object */;
}
